
Microsoft Visual Studio Solution File, Format Version 12.00
# Visual Studio 2012
Project("{8BC9CEB8-8B4A-11D0-8D11-00A0C91BC942}") = "CBilbo_MyString_Project_2", "CBilbo_MyString_Project_2\CBilbo_MyString_Project_2.vcxproj", "{BB063660-519B-4160-95AF-785660314956}"
EndProject
Global
	GlobalSection(SolutionConfigurationPlatforms) = preSolution
		Debug|Win32 = Debug|Win32
		Release|Win32 = Release|Win32
	EndGlobalSection
	GlobalSection(ProjectConfigurationPlatforms) = postSolution
		{BB063660-519B-4160-95AF-785660314956}.Debug|Win32.ActiveCfg = Debug|Win32
		{BB063660-519B-4160-95AF-785660314956}.Debug|Win32.Build.0 = Debug|Win32
		{BB063660-519B-4160-95AF-785660314956}.Release|Win32.ActiveCfg = Release|Win32
		{BB063660-519B-4160-95AF-785660314956}.Release|Win32.Build.0 = Release|Win32
	EndGlobalSection
	GlobalSection(SolutionProperties) = preSolution
		HideSolutionNode = FALSE
	EndGlobalSection
EndGlobal
